{
  "name": "capacitor-chrome-ext",
  "lockfileVersion": 3,
  "requires": true,
  "packages": {
    "": {
      "devDependencies": {
        "@capacitor/core": "^6.1.0",
        "@types/chrome": "^0.0.268"
      }
    },
    "node_modules/@capacitor/core": {
      "version": "6.1.0",
      "resolved": "https://registry.npmjs.org/@capacitor/core/-/core-6.1.0.tgz",
      "integrity": "sha512-Kt4ONm0X9xxJXn9Q73oBaKdzep5B/VJw3VjXa2eGul4cD2k37mJwgjpXSMRnLH0Aju5bCiRL8J/hMAfTlokO6A==",
      "dev": true,
      "license": "MIT",
      "dependencies": {
        "tslib": "^2.1.0"
      }
    },
    "node_modules/@types/chrome": {
      "version": "0.0.268",
      "resolved": "https://registry.npmjs.org/@types/chrome/-/chrome-0.0.268.tgz",
      "integrity": "sha512-7N1QH9buudSJ7sI8Pe4mBHJr5oZ48s0hcanI9w3wgijAlv1OZNUZve9JR4x42dn5lJ5Sm87V1JNfnoh10EnQlA==",
      "dev": true,
      "license": "MIT",
      "dependencies": {
        "@types/filesystem": "*",
        "@types/har-format": "*"
      }
    },
    "node_modules/@types/filesystem": {
      "version": "0.0.36",
      "resolved": "https://registry.npmjs.org/@types/filesystem/-/filesystem-0.0.36.tgz",
      "integrity": "sha512-vPDXOZuannb9FZdxgHnqSwAG/jvdGM8Wq+6N4D/d80z+D4HWH+bItqsZaVRQykAn6WEVeEkLm2oQigyHtgb0RA==",
      "dev": true,
      "license": "MIT",
      "dependencies": {
        "@types/filewriter": "*"
      }
    },
    "node_modules/@types/filewriter": {
      "version": "0.0.33",
      "resolved": "https://registry.npmjs.org/@types/filewriter/-/filewriter-0.0.33.tgz",
      "integrity": "sha512-xFU8ZXTw4gd358lb2jw25nxY9QAgqn2+bKKjKOYfNCzN4DKCFetK7sPtrlpg66Ywe3vWY9FNxprZawAh9wfJ3g==",
      "dev": true,
      "license": "MIT"
    },
    "node_modules/@types/har-format": {
      "version": "1.2.15",
      "resolved": "https://registry.npmjs.org/@types/har-format/-/har-format-1.2.15.tgz",
      "integrity": "sha512-RpQH4rXLuvTXKR0zqHq3go0RVXYv/YVqv4TnPH95VbwUxZdQlK1EtcMvQvMpDngHbt13Csh9Z4qT9AbkiQH5BA==",
      "dev": true,
      "license": "MIT"
    },
    "node_modules/tslib": {
      "version": "2.6.3",
      "resolved": "https://registry.npmjs.org/tslib/-/tslib-2.6.3.tgz",
      "integrity": "sha512-xNvxJEOUiWPGhUuUdQgAJPKOOJfGnIyKySOc09XkKsgdUV/3E2zvwZYdejjmRgPCgcym1juLH3226yA7sEFJKQ==",
      "dev": true,
      "license": "0BSD"
    }
  }
}
